
Microsoft Visual Studio Solution File, Format Version 12.00
# Visual Studio Version 17
VisualStudioVersion = 17.11.35222.181
MinimumVisualStudioVersion = 10.0.40219.1
Project("{FAE04EC0-301F-11D3-BF4B-00C04F79EFBC}") = "ImageProcessing", "ImageProcessing.csproj", "{60B1E95F-EFA1-49E0-977A-607B7744F843}"
EndProject
Global
	GlobalSection(SolutionConfigurationPlatforms) = preSolution
		Debug|Any CPU = Debug|Any CPU
		Release|Any CPU = Release|Any CPU
	EndGlobalSection
	GlobalSection(ProjectConfigurationPlatforms) = postSolution
		{60B1E95F-EFA1-49E0-977A-607B7744F843}.Debug|Any CPU.ActiveCfg = Debug|Any CPU
		{60B1E95F-EFA1-49E0-977A-607B7744F843}.Debug|Any CPU.Build.0 = Debug|Any CPU
		{60B1E95F-EFA1-49E0-977A-607B7744F843}.Release|Any CPU.ActiveCfg = Release|Any CPU
		{60B1E95F-EFA1-49E0-977A-607B7744F843}.Release|Any CPU.Build.0 = Release|Any CPU
	EndGlobalSection
	GlobalSection(SolutionProperties) = preSolution
		HideSolutionNode = FALSE
	EndGlobalSection
	GlobalSection(ExtensibilityGlobals) = postSolution
		SolutionGuid = {C78FE39E-2C33-44FC-8A2E-2E038DF75DE9}
	EndGlobalSection
EndGlobal
